
Microsoft Visual Studio Solution File, Format Version 12.00
# Visual Studio Version 17
VisualStudioVersion = 17.9.34701.34
MinimumVisualStudioVersion = 10.0.40219.1
Project("{FAE04EC0-301F-11D3-BF4B-00C04F79EFBC}") = "HTTP5125_Cumulative1", "HTTP5125_Cumulative1\HTTP5125_Cumulative1.csproj", "{29184B43-93C4-4F6E-AB76-CF8A8723F479}"
EndProject
Global
	GlobalSection(SolutionConfigurationPlatforms) = preSolution
		Debug|Any CPU = Debug|Any CPU
		Release|Any CPU = Release|Any CPU
	EndGlobalSection
	GlobalSection(ProjectConfigurationPlatforms) = postSolution
		{29184B43-93C4-4F6E-AB76-CF8A8723F479}.Debug|Any CPU.ActiveCfg = Debug|Any CPU
		{29184B43-93C4-4F6E-AB76-CF8A8723F479}.Debug|Any CPU.Build.0 = Debug|Any CPU
		{29184B43-93C4-4F6E-AB76-CF8A8723F479}.Release|Any CPU.ActiveCfg = Release|Any CPU
		{29184B43-93C4-4F6E-AB76-CF8A8723F479}.Release|Any CPU.Build.0 = Release|Any CPU
	EndGlobalSection
	GlobalSection(SolutionProperties) = preSolution
		HideSolutionNode = FALSE
	EndGlobalSection
	GlobalSection(ExtensibilityGlobals) = postSolution
		SolutionGuid = {29487B1B-11CE-4BDD-9858-2F208F6B29D8}
	EndGlobalSection
EndGlobal
